
Microsoft Visual Studio Solution File, Format Version 11.00
# Visual Studio 2010
Project("{F184B08F-C81C-45F6-A57F-5ABD9991F28F}") = "PagoNet.Engine.Cash", "PagoNet.Engine.Cash\PagoNet.Engine.Cash.vbproj", "{8D0B4DF9-FD79-441A-AA18-163ADC6555F9}"
	ProjectSection(ProjectDependencies) = postProject
		{E881AB0A-F947-4679-B69C-2B8597C28D78} = {E881AB0A-F947-4679-B69C-2B8597C28D78}
		{202AC46C-59C1-4D87-93F5-A8C76B8371F5} = {202AC46C-59C1-4D87-93F5-A8C76B8371F5}
		{667A0071-7F62-425D-B616-820FB4666F1B} = {667A0071-7F62-425D-B616-820FB4666F1B}
		{B3A83EC3-60C2-4D18-B12F-7C240B73634E} = {B3A83EC3-60C2-4D18-B12F-7C240B73634E}
		{A87D4CEA-4110-4407-99A1-7540FAD6E008} = {A87D4CEA-4110-4407-99A1-7540FAD6E008}
	EndProjectSection
EndProject
Project("{F184B08F-C81C-45F6-A57F-5ABD9991F28F}") = "PagoNet.Database", "PagoNet.Database\PagoNet.Database.vbproj", "{695CAAC3-7007-47D1-B3E4-87AC0E6124C1}"
EndProject
Project("{F184B08F-C81C-45F6-A57F-5ABD9991F28F}") = "PagoNet.FormComponents", "PagoNet.FormComponents\PagoNet.FormComponents.vbproj", "{6ED6AA9F-EF6F-49B6-912F-ABC68817E5A0}"
EndProject
Project("{F184B08F-C81C-45F6-A57F-5ABD9991F28F}") = "PagoNet.Cash", "PagoNet.Cash\PagoNet.Cash.vbproj", "{B7403D5A-F354-4D02-A87B-66A953CFC595}"
	ProjectSection(ProjectDependencies) = postProject
		{1C7EAD98-F7D0-4451-848B-E4E56D7B268A} = {1C7EAD98-F7D0-4451-848B-E4E56D7B268A}
	EndProjectSection
EndProject
Project("{F184B08F-C81C-45F6-A57F-5ABD9991F28F}") = "PagoNet.FileManager", "PagoNet.FileManager\PagoNet.FileManager.vbproj", "{202AC46C-59C1-4D87-93F5-A8C76B8371F5}"
EndProject
Project("{F184B08F-C81C-45F6-A57F-5ABD9991F28F}") = "PagoNet.Administrativo", "PagoNet.Administrativo\PagoNet.Administrativo.vbproj", "{1F00C71A-A0B1-4117-97EE-674FC4D24C4C}"
EndProject
Project("{F184B08F-C81C-45F6-A57F-5ABD9991F28F}") = "PagoNet.Mailer", "PagoNet.Mailer\PagoNet.Mailer.vbproj", "{E881AB0A-F947-4679-B69C-2B8597C28D78}"
EndProject
Project("{F184B08F-C81C-45F6-A57F-5ABD9991F28F}") = "PagoNet.ReportManager", "PagoNet.ReportManager\PagoNet.ReportManager.vbproj", "{667A0071-7F62-425D-B616-820FB4666F1B}"
EndProject
Project("{F184B08F-C81C-45F6-A57F-5ABD9991F28F}") = "PagoNet.Reports", "PagoNet.Reports\PagoNet.Reports.vbproj", "{B3A83EC3-60C2-4D18-B12F-7C240B73634E}"
EndProject
Project("{F184B08F-C81C-45F6-A57F-5ABD9991F28F}") = "PagoNet.Cryptographers", "PagoNet.Cryptographers\PagoNet.Cryptographers.vbproj", "{033DB4F3-4D03-43FA-BB52-D39AE995E10D}"
EndProject
Project("{F184B08F-C81C-45F6-A57F-5ABD9991F28F}") = "PagoNet.DataFormats", "PagoNet.DataFormats\PagoNet.DataFormats.vbproj", "{A87D4CEA-4110-4407-99A1-7540FAD6E008}"
EndProject
Project("{F184B08F-C81C-45F6-A57F-5ABD9991F28F}") = "PagoNet.CustomControls", "PagoNet.CustomControls\PagoNet.CustomControls.vbproj", "{3CDEEEA6-719B-4333-ABAD-0BAEE8A87251}"
EndProject
Project("{2150E333-8FDC-42A3-9474-1A3956D46DE8}") = "Engine", "Engine", "{600A84DA-60CE-4E85-9D52-53D3C8D21EAA}"
EndProject
Project("{2150E333-8FDC-42A3-9474-1A3956D46DE8}") = "Core", "Core", "{E95224DC-59DA-4A45-8B80-1FD0FEA89120}"
EndProject
Project("{F184B08F-C81C-45F6-A57F-5ABD9991F28F}") = "PagoNet.Update", "PagoNet.Update\PagoNet.Update.vbproj", "{1C7EAD98-F7D0-4451-848B-E4E56D7B268A}"
EndProject
Project("{F184B08F-C81C-45F6-A57F-5ABD9991F28F}") = "PagoNet.Engine", "PagoNet.Engine\PagoNet.Engine.vbproj", "{96E3EC2A-BC76-4826-9E45-D7DD1BCDE012}"
EndProject
Project("{F184B08F-C81C-45F6-A57F-5ABD9991F28F}") = "PagoNet.Engine.Admin", "PagoNet.Engine.Admin\PagoNet.Engine.Admin.vbproj", "{1F3F39CA-33BC-445F-9CA5-0045DCDB9433}"
EndProject
Project("{F184B08F-C81C-45F6-A57F-5ABD9991F28F}") = "PagoNet.Engine.Sync", "PagoNet.Engine.Sync\PagoNet.Engine.Sync.vbproj", "{DD4D9399-5BF7-4BA6-AFC0-6557410EEBC7}"
EndProject
Project("{F184B08F-C81C-45F6-A57F-5ABD9991F28F}") = "PagoNet.Database.MySql", "PagoNet.Database.MySql\PagoNet.Database.MySql.vbproj", "{9BDB1107-A5D8-46B6-83AD-96F66FA0D5E8}"
EndProject
Global
	GlobalSection(SolutionConfigurationPlatforms) = preSolution
		Debug|Any CPU = Debug|Any CPU
		Debug|Mixed Platforms = Debug|Mixed Platforms
		Debug|x64 = Debug|x64
		Debug|x86 = Debug|x86
		Release|Any CPU = Release|Any CPU
		Release|Mixed Platforms = Release|Mixed Platforms
		Release|x64 = Release|x64
		Release|x86 = Release|x86
	EndGlobalSection
	GlobalSection(ProjectConfigurationPlatforms) = postSolution
		{8D0B4DF9-FD79-441A-AA18-163ADC6555F9}.Debug|Any CPU.ActiveCfg = Debug|Any CPU
		{8D0B4DF9-FD79-441A-AA18-163ADC6555F9}.Debug|Any CPU.Build.0 = Debug|Any CPU
		{8D0B4DF9-FD79-441A-AA18-163ADC6555F9}.Debug|Mixed Platforms.ActiveCfg = Debug|Any CPU
		{8D0B4DF9-FD79-441A-AA18-163ADC6555F9}.Debug|Mixed Platforms.Build.0 = Debug|Any CPU
		{8D0B4DF9-FD79-441A-AA18-163ADC6555F9}.Debug|x64.ActiveCfg = Debug|x64
		{8D0B4DF9-FD79-441A-AA18-163ADC6555F9}.Debug|x64.Build.0 = Debug|x64
		{8D0B4DF9-FD79-441A-AA18-163ADC6555F9}.Debug|x86.ActiveCfg = Debug|Any CPU
		{8D0B4DF9-FD79-441A-AA18-163ADC6555F9}.Debug|x86.Build.0 = Debug|Any CPU
		{8D0B4DF9-FD79-441A-AA18-163ADC6555F9}.Release|Any CPU.ActiveCfg = Release|Any CPU
		{8D0B4DF9-FD79-441A-AA18-163ADC6555F9}.Release|Any CPU.Build.0 = Release|Any CPU
		{8D0B4DF9-FD79-441A-AA18-163ADC6555F9}.Release|Mixed Platforms.ActiveCfg = Release|Any CPU
		{8D0B4DF9-FD79-441A-AA18-163ADC6555F9}.Release|Mixed Platforms.Build.0 = Release|Any CPU
		{8D0B4DF9-FD79-441A-AA18-163ADC6555F9}.Release|x64.ActiveCfg = Release|x64
		{8D0B4DF9-FD79-441A-AA18-163ADC6555F9}.Release|x64.Build.0 = Release|x64
		{8D0B4DF9-FD79-441A-AA18-163ADC6555F9}.Release|x86.ActiveCfg = Release|Any CPU
		{8D0B4DF9-FD79-441A-AA18-163ADC6555F9}.Release|x86.Build.0 = Release|Any CPU
		{695CAAC3-7007-47D1-B3E4-87AC0E6124C1}.Debug|Any CPU.ActiveCfg = Debug|Any CPU
		{695CAAC3-7007-47D1-B3E4-87AC0E6124C1}.Debug|Any CPU.Build.0 = Debug|Any CPU
		{695CAAC3-7007-47D1-B3E4-87AC0E6124C1}.Debug|Mixed Platforms.ActiveCfg = Debug|Any CPU
		{695CAAC3-7007-47D1-B3E4-87AC0E6124C1}.Debug|Mixed Platforms.Build.0 = Debug|Any CPU
		{695CAAC3-7007-47D1-B3E4-87AC0E6124C1}.Debug|x64.ActiveCfg = Debug|x64
		{695CAAC3-7007-47D1-B3E4-87AC0E6124C1}.Debug|x64.Build.0 = Debug|x64
		{695CAAC3-7007-47D1-B3E4-87AC0E6124C1}.Debug|x86.ActiveCfg = Debug|Any CPU
		{695CAAC3-7007-47D1-B3E4-87AC0E6124C1}.Debug|x86.Build.0 = Debug|Any CPU
		{695CAAC3-7007-47D1-B3E4-87AC0E6124C1}.Release|Any CPU.ActiveCfg = Release|Any CPU
		{695CAAC3-7007-47D1-B3E4-87AC0E6124C1}.Release|Any CPU.Build.0 = Release|Any CPU
		{695CAAC3-7007-47D1-B3E4-87AC0E6124C1}.Release|Mixed Platforms.ActiveCfg = Release|Any CPU
		{695CAAC3-7007-47D1-B3E4-87AC0E6124C1}.Release|Mixed Platforms.Build.0 = Release|Any CPU
		{695CAAC3-7007-47D1-B3E4-87AC0E6124C1}.Release|x64.ActiveCfg = Release|x64
		{695CAAC3-7007-47D1-B3E4-87AC0E6124C1}.Release|x64.Build.0 = Release|x64
		{695CAAC3-7007-47D1-B3E4-87AC0E6124C1}.Release|x86.ActiveCfg = Release|Any CPU
		{695CAAC3-7007-47D1-B3E4-87AC0E6124C1}.Release|x86.Build.0 = Release|Any CPU
		{6ED6AA9F-EF6F-49B6-912F-ABC68817E5A0}.Debug|Any CPU.ActiveCfg = Debug|Any CPU
		{6ED6AA9F-EF6F-49B6-912F-ABC68817E5A0}.Debug|Any CPU.Build.0 = Debug|Any CPU
		{6ED6AA9F-EF6F-49B6-912F-ABC68817E5A0}.Debug|Mixed Platforms.ActiveCfg = Debug|Any CPU
		{6ED6AA9F-EF6F-49B6-912F-ABC68817E5A0}.Debug|Mixed Platforms.Build.0 = Debug|Any CPU
		{6ED6AA9F-EF6F-49B6-912F-ABC68817E5A0}.Debug|x64.ActiveCfg = Debug|x64
		{6ED6AA9F-EF6F-49B6-912F-ABC68817E5A0}.Debug|x64.Build.0 = Debug|x64
		{6ED6AA9F-EF6F-49B6-912F-ABC68817E5A0}.Debug|x86.ActiveCfg = Debug|Any CPU
		{6ED6AA9F-EF6F-49B6-912F-ABC68817E5A0}.Debug|x86.Build.0 = Debug|Any CPU
		{6ED6AA9F-EF6F-49B6-912F-ABC68817E5A0}.Release|Any CPU.ActiveCfg = Release|Any CPU
		{6ED6AA9F-EF6F-49B6-912F-ABC68817E5A0}.Release|Any CPU.Build.0 = Release|Any CPU
		{6ED6AA9F-EF6F-49B6-912F-ABC68817E5A0}.Release|Mixed Platforms.ActiveCfg = Release|Any CPU
		{6ED6AA9F-EF6F-49B6-912F-ABC68817E5A0}.Release|Mixed Platforms.Build.0 = Release|Any CPU
		{6ED6AA9F-EF6F-49B6-912F-ABC68817E5A0}.Release|x64.ActiveCfg = Release|x64
		{6ED6AA9F-EF6F-49B6-912F-ABC68817E5A0}.Release|x64.Build.0 = Release|x64
		{6ED6AA9F-EF6F-49B6-912F-ABC68817E5A0}.Release|x86.ActiveCfg = Release|Any CPU
		{6ED6AA9F-EF6F-49B6-912F-ABC68817E5A0}.Release|x86.Build.0 = Release|Any CPU
		{B7403D5A-F354-4D02-A87B-66A953CFC595}.Debug|Any CPU.ActiveCfg = Debug|x86
		{B7403D5A-F354-4D02-A87B-66A953CFC595}.Debug|Mixed Platforms.ActiveCfg = Debug|x86
		{B7403D5A-F354-4D02-A87B-66A953CFC595}.Debug|Mixed Platforms.Build.0 = Debug|x86
		{B7403D5A-F354-4D02-A87B-66A953CFC595}.Debug|x64.ActiveCfg = Debug|x64
		{B7403D5A-F354-4D02-A87B-66A953CFC595}.Debug|x86.ActiveCfg = Debug|x86
		{B7403D5A-F354-4D02-A87B-66A953CFC595}.Debug|x86.Build.0 = Debug|x86
		{B7403D5A-F354-4D02-A87B-66A953CFC595}.Release|Any CPU.ActiveCfg = Release|x86
		{B7403D5A-F354-4D02-A87B-66A953CFC595}.Release|Mixed Platforms.ActiveCfg = Release|x86
		{B7403D5A-F354-4D02-A87B-66A953CFC595}.Release|Mixed Platforms.Build.0 = Release|x86
		{B7403D5A-F354-4D02-A87B-66A953CFC595}.Release|x64.ActiveCfg = Release|x64
		{B7403D5A-F354-4D02-A87B-66A953CFC595}.Release|x86.ActiveCfg = Release|x86
		{B7403D5A-F354-4D02-A87B-66A953CFC595}.Release|x86.Build.0 = Release|x86
		{202AC46C-59C1-4D87-93F5-A8C76B8371F5}.Debug|Any CPU.ActiveCfg = Debug|Any CPU
		{202AC46C-59C1-4D87-93F5-A8C76B8371F5}.Debug|Any CPU.Build.0 = Debug|Any CPU
		{202AC46C-59C1-4D87-93F5-A8C76B8371F5}.Debug|Mixed Platforms.ActiveCfg = Debug|Any CPU
		{202AC46C-59C1-4D87-93F5-A8C76B8371F5}.Debug|Mixed Platforms.Build.0 = Debug|Any CPU
		{202AC46C-59C1-4D87-93F5-A8C76B8371F5}.Debug|x64.ActiveCfg = Debug|x64
		{202AC46C-59C1-4D87-93F5-A8C76B8371F5}.Debug|x64.Build.0 = Debug|x64
		{202AC46C-59C1-4D87-93F5-A8C76B8371F5}.Debug|x86.ActiveCfg = Debug|Any CPU
		{202AC46C-59C1-4D87-93F5-A8C76B8371F5}.Debug|x86.Build.0 = Debug|Any CPU
		{202AC46C-59C1-4D87-93F5-A8C76B8371F5}.Release|Any CPU.ActiveCfg = Release|Any CPU
		{202AC46C-59C1-4D87-93F5-A8C76B8371F5}.Release|Any CPU.Build.0 = Release|Any CPU
		{202AC46C-59C1-4D87-93F5-A8C76B8371F5}.Release|Mixed Platforms.ActiveCfg = Release|Any CPU
		{202AC46C-59C1-4D87-93F5-A8C76B8371F5}.Release|Mixed Platforms.Build.0 = Release|Any CPU
		{202AC46C-59C1-4D87-93F5-A8C76B8371F5}.Release|x64.ActiveCfg = Release|x64
		{202AC46C-59C1-4D87-93F5-A8C76B8371F5}.Release|x64.Build.0 = Release|x64
		{202AC46C-59C1-4D87-93F5-A8C76B8371F5}.Release|x86.ActiveCfg = Release|Any CPU
		{202AC46C-59C1-4D87-93F5-A8C76B8371F5}.Release|x86.Build.0 = Release|Any CPU
		{1F00C71A-A0B1-4117-97EE-674FC4D24C4C}.Debug|Any CPU.ActiveCfg = Debug|x86
		{1F00C71A-A0B1-4117-97EE-674FC4D24C4C}.Debug|Mixed Platforms.ActiveCfg = Debug|x86
		{1F00C71A-A0B1-4117-97EE-674FC4D24C4C}.Debug|Mixed Platforms.Build.0 = Debug|x86
		{1F00C71A-A0B1-4117-97EE-674FC4D24C4C}.Debug|x64.ActiveCfg = Debug|x64
		{1F00C71A-A0B1-4117-97EE-674FC4D24C4C}.Debug|x86.ActiveCfg = Debug|x86
		{1F00C71A-A0B1-4117-97EE-674FC4D24C4C}.Release|Any CPU.ActiveCfg = Release|x86
		{1F00C71A-A0B1-4117-97EE-674FC4D24C4C}.Release|Mixed Platforms.ActiveCfg = Release|x86
		{1F00C71A-A0B1-4117-97EE-674FC4D24C4C}.Release|Mixed Platforms.Build.0 = Release|x86
		{1F00C71A-A0B1-4117-97EE-674FC4D24C4C}.Release|x64.ActiveCfg = Release|x64
		{1F00C71A-A0B1-4117-97EE-674FC4D24C4C}.Release|x86.ActiveCfg = Release|x86
		{1F00C71A-A0B1-4117-97EE-674FC4D24C4C}.Release|x86.Build.0 = Release|x86
		{E881AB0A-F947-4679-B69C-2B8597C28D78}.Debug|Any CPU.ActiveCfg = Debug|Any CPU
		{E881AB0A-F947-4679-B69C-2B8597C28D78}.Debug|Any CPU.Build.0 = Debug|Any CPU
		{E881AB0A-F947-4679-B69C-2B8597C28D78}.Debug|Mixed Platforms.ActiveCfg = Debug|Any CPU
		{E881AB0A-F947-4679-B69C-2B8597C28D78}.Debug|Mixed Platforms.Build.0 = Debug|Any CPU
		{E881AB0A-F947-4679-B69C-2B8597C28D78}.Debug|x64.ActiveCfg = Debug|x64
		{E881AB0A-F947-4679-B69C-2B8597C28D78}.Debug|x64.Build.0 = Debug|x64
		{E881AB0A-F947-4679-B69C-2B8597C28D78}.Debug|x86.ActiveCfg = Debug|Any CPU
		{E881AB0A-F947-4679-B69C-2B8597C28D78}.Debug|x86.Build.0 = Debug|Any CPU
		{E881AB0A-F947-4679-B69C-2B8597C28D78}.Release|Any CPU.ActiveCfg = Release|Any CPU
		{E881AB0A-F947-4679-B69C-2B8597C28D78}.Release|Any CPU.Build.0 = Release|Any CPU
		{E881AB0A-F947-4679-B69C-2B8597C28D78}.Release|Mixed Platforms.ActiveCfg = Release|Any CPU
		{E881AB0A-F947-4679-B69C-2B8597C28D78}.Release|Mixed Platforms.Build.0 = Release|Any CPU
		{E881AB0A-F947-4679-B69C-2B8597C28D78}.Release|x64.ActiveCfg = Release|x64
		{E881AB0A-F947-4679-B69C-2B8597C28D78}.Release|x64.Build.0 = Release|x64
		{E881AB0A-F947-4679-B69C-2B8597C28D78}.Release|x86.ActiveCfg = Release|Any CPU
		{E881AB0A-F947-4679-B69C-2B8597C28D78}.Release|x86.Build.0 = Release|Any CPU
		{667A0071-7F62-425D-B616-820FB4666F1B}.Debug|Any CPU.ActiveCfg = Debug|Any CPU
		{667A0071-7F62-425D-B616-820FB4666F1B}.Debug|Any CPU.Build.0 = Debug|Any CPU
		{667A0071-7F62-425D-B616-820FB4666F1B}.Debug|Mixed Platforms.ActiveCfg = Debug|Any CPU
		{667A0071-7F62-425D-B616-820FB4666F1B}.Debug|Mixed Platforms.Build.0 = Debug|Any CPU
		{667A0071-7F62-425D-B616-820FB4666F1B}.Debug|x64.ActiveCfg = Debug|x64
		{667A0071-7F62-425D-B616-820FB4666F1B}.Debug|x64.Build.0 = Debug|x64
		{667A0071-7F62-425D-B616-820FB4666F1B}.Debug|x86.ActiveCfg = Debug|Any CPU
		{667A0071-7F62-425D-B616-820FB4666F1B}.Debug|x86.Build.0 = Debug|Any CPU
		{667A0071-7F62-425D-B616-820FB4666F1B}.Release|Any CPU.ActiveCfg = Release|Any CPU
		{667A0071-7F62-425D-B616-820FB4666F1B}.Release|Any CPU.Build.0 = Release|Any CPU
		{667A0071-7F62-425D-B616-820FB4666F1B}.Release|Mixed Platforms.ActiveCfg = Release|Any CPU
		{667A0071-7F62-425D-B616-820FB4666F1B}.Release|Mixed Platforms.Build.0 = Release|Any CPU
		{667A0071-7F62-425D-B616-820FB4666F1B}.Release|x64.ActiveCfg = Release|x64
		{667A0071-7F62-425D-B616-820FB4666F1B}.Release|x64.Build.0 = Release|x64
		{667A0071-7F62-425D-B616-820FB4666F1B}.Release|x86.ActiveCfg = Release|Any CPU
		{667A0071-7F62-425D-B616-820FB4666F1B}.Release|x86.Build.0 = Release|Any CPU
		{B3A83EC3-60C2-4D18-B12F-7C240B73634E}.Debug|Any CPU.ActiveCfg = Debug|Any CPU
		{B3A83EC3-60C2-4D18-B12F-7C240B73634E}.Debug|Any CPU.Build.0 = Debug|Any CPU
		{B3A83EC3-60C2-4D18-B12F-7C240B73634E}.Debug|Mixed Platforms.ActiveCfg = Debug|Any CPU
		{B3A83EC3-60C2-4D18-B12F-7C240B73634E}.Debug|Mixed Platforms.Build.0 = Debug|Any CPU
		{B3A83EC3-60C2-4D18-B12F-7C240B73634E}.Debug|x64.ActiveCfg = Debug|x64
		{B3A83EC3-60C2-4D18-B12F-7C240B73634E}.Debug|x64.Build.0 = Debug|x64
		{B3A83EC3-60C2-4D18-B12F-7C240B73634E}.Debug|x86.ActiveCfg = Debug|Any CPU
		{B3A83EC3-60C2-4D18-B12F-7C240B73634E}.Debug|x86.Build.0 = Debug|Any CPU
		{B3A83EC3-60C2-4D18-B12F-7C240B73634E}.Release|Any CPU.ActiveCfg = Release|Any CPU
		{B3A83EC3-60C2-4D18-B12F-7C240B73634E}.Release|Any CPU.Build.0 = Release|Any CPU
		{B3A83EC3-60C2-4D18-B12F-7C240B73634E}.Release|Mixed Platforms.ActiveCfg = Release|Any CPU
		{B3A83EC3-60C2-4D18-B12F-7C240B73634E}.Release|Mixed Platforms.Build.0 = Release|Any CPU
		{B3A83EC3-60C2-4D18-B12F-7C240B73634E}.Release|x64.ActiveCfg = Release|x64
		{B3A83EC3-60C2-4D18-B12F-7C240B73634E}.Release|x64.Build.0 = Release|x64
		{B3A83EC3-60C2-4D18-B12F-7C240B73634E}.Release|x86.ActiveCfg = Release|Any CPU
		{B3A83EC3-60C2-4D18-B12F-7C240B73634E}.Release|x86.Build.0 = Release|Any CPU
		{033DB4F3-4D03-43FA-BB52-D39AE995E10D}.Debug|Any CPU.ActiveCfg = Debug|Any CPU
		{033DB4F3-4D03-43FA-BB52-D39AE995E10D}.Debug|Any CPU.Build.0 = Debug|Any CPU
		{033DB4F3-4D03-43FA-BB52-D39AE995E10D}.Debug|Mixed Platforms.ActiveCfg = Debug|Any CPU
		{033DB4F3-4D03-43FA-BB52-D39AE995E10D}.Debug|Mixed Platforms.Build.0 = Debug|Any CPU
		{033DB4F3-4D03-43FA-BB52-D39AE995E10D}.Debug|x64.ActiveCfg = Debug|x64
		{033DB4F3-4D03-43FA-BB52-D39AE995E10D}.Debug|x64.Build.0 = Debug|x64
		{033DB4F3-4D03-43FA-BB52-D39AE995E10D}.Debug|x86.ActiveCfg = Debug|Any CPU
		{033DB4F3-4D03-43FA-BB52-D39AE995E10D}.Debug|x86.Build.0 = Debug|Any CPU
		{033DB4F3-4D03-43FA-BB52-D39AE995E10D}.Release|Any CPU.ActiveCfg = Release|Any CPU
		{033DB4F3-4D03-43FA-BB52-D39AE995E10D}.Release|Any CPU.Build.0 = Release|Any CPU
		{033DB4F3-4D03-43FA-BB52-D39AE995E10D}.Release|Mixed Platforms.ActiveCfg = Release|Any CPU
		{033DB4F3-4D03-43FA-BB52-D39AE995E10D}.Release|Mixed Platforms.Build.0 = Release|Any CPU
		{033DB4F3-4D03-43FA-BB52-D39AE995E10D}.Release|x64.ActiveCfg = Release|x64
		{033DB4F3-4D03-43FA-BB52-D39AE995E10D}.Release|x64.Build.0 = Release|x64
		{033DB4F3-4D03-43FA-BB52-D39AE995E10D}.Release|x86.ActiveCfg = Release|Any CPU
		{033DB4F3-4D03-43FA-BB52-D39AE995E10D}.Release|x86.Build.0 = Release|Any CPU
		{A87D4CEA-4110-4407-99A1-7540FAD6E008}.Debug|Any CPU.ActiveCfg = Debug|Any CPU
		{A87D4CEA-4110-4407-99A1-7540FAD6E008}.Debug|Any CPU.Build.0 = Debug|Any CPU
		{A87D4CEA-4110-4407-99A1-7540FAD6E008}.Debug|Mixed Platforms.ActiveCfg = Debug|Any CPU
		{A87D4CEA-4110-4407-99A1-7540FAD6E008}.Debug|Mixed Platforms.Build.0 = Debug|Any CPU
		{A87D4CEA-4110-4407-99A1-7540FAD6E008}.Debug|x64.ActiveCfg = Debug|x64
		{A87D4CEA-4110-4407-99A1-7540FAD6E008}.Debug|x64.Build.0 = Debug|x64
		{A87D4CEA-4110-4407-99A1-7540FAD6E008}.Debug|x86.ActiveCfg = Debug|Any CPU
		{A87D4CEA-4110-4407-99A1-7540FAD6E008}.Debug|x86.Build.0 = Debug|Any CPU
		{A87D4CEA-4110-4407-99A1-7540FAD6E008}.Release|Any CPU.ActiveCfg = Release|Any CPU
		{A87D4CEA-4110-4407-99A1-7540FAD6E008}.Release|Any CPU.Build.0 = Release|Any CPU
		{A87D4CEA-4110-4407-99A1-7540FAD6E008}.Release|Mixed Platforms.ActiveCfg = Release|Any CPU
		{A87D4CEA-4110-4407-99A1-7540FAD6E008}.Release|Mixed Platforms.Build.0 = Release|Any CPU
		{A87D4CEA-4110-4407-99A1-7540FAD6E008}.Release|x64.ActiveCfg = Release|x64
		{A87D4CEA-4110-4407-99A1-7540FAD6E008}.Release|x64.Build.0 = Release|x64
		{A87D4CEA-4110-4407-99A1-7540FAD6E008}.Release|x86.ActiveCfg = Release|Any CPU
		{A87D4CEA-4110-4407-99A1-7540FAD6E008}.Release|x86.Build.0 = Release|Any CPU
		{3CDEEEA6-719B-4333-ABAD-0BAEE8A87251}.Debug|Any CPU.ActiveCfg = Debug|Any CPU
		{3CDEEEA6-719B-4333-ABAD-0BAEE8A87251}.Debug|Any CPU.Build.0 = Debug|Any CPU
		{3CDEEEA6-719B-4333-ABAD-0BAEE8A87251}.Debug|Mixed Platforms.ActiveCfg = Debug|Any CPU
		{3CDEEEA6-719B-4333-ABAD-0BAEE8A87251}.Debug|Mixed Platforms.Build.0 = Debug|Any CPU
		{3CDEEEA6-719B-4333-ABAD-0BAEE8A87251}.Debug|x64.ActiveCfg = Debug|Any CPU
		{3CDEEEA6-719B-4333-ABAD-0BAEE8A87251}.Debug|x86.ActiveCfg = Debug|Any CPU
		{3CDEEEA6-719B-4333-ABAD-0BAEE8A87251}.Debug|x86.Build.0 = Debug|Any CPU
		{3CDEEEA6-719B-4333-ABAD-0BAEE8A87251}.Release|Any CPU.ActiveCfg = Release|Any CPU
		{3CDEEEA6-719B-4333-ABAD-0BAEE8A87251}.Release|Any CPU.Build.0 = Release|Any CPU
		{3CDEEEA6-719B-4333-ABAD-0BAEE8A87251}.Release|Mixed Platforms.ActiveCfg = Release|Any CPU
		{3CDEEEA6-719B-4333-ABAD-0BAEE8A87251}.Release|Mixed Platforms.Build.0 = Release|Any CPU
		{3CDEEEA6-719B-4333-ABAD-0BAEE8A87251}.Release|x64.ActiveCfg = Release|Any CPU
		{3CDEEEA6-719B-4333-ABAD-0BAEE8A87251}.Release|x86.ActiveCfg = Release|Any CPU
		{3CDEEEA6-719B-4333-ABAD-0BAEE8A87251}.Release|x86.Build.0 = Release|Any CPU
		{1C7EAD98-F7D0-4451-848B-E4E56D7B268A}.Debug|Any CPU.ActiveCfg = Debug|x86
		{1C7EAD98-F7D0-4451-848B-E4E56D7B268A}.Debug|Mixed Platforms.ActiveCfg = Debug|x86
		{1C7EAD98-F7D0-4451-848B-E4E56D7B268A}.Debug|Mixed Platforms.Build.0 = Debug|x86
		{1C7EAD98-F7D0-4451-848B-E4E56D7B268A}.Debug|x64.ActiveCfg = Debug|x86
		{1C7EAD98-F7D0-4451-848B-E4E56D7B268A}.Debug|x86.ActiveCfg = Debug|x86
		{1C7EAD98-F7D0-4451-848B-E4E56D7B268A}.Debug|x86.Build.0 = Debug|x86
		{1C7EAD98-F7D0-4451-848B-E4E56D7B268A}.Release|Any CPU.ActiveCfg = Release|x86
		{1C7EAD98-F7D0-4451-848B-E4E56D7B268A}.Release|Mixed Platforms.ActiveCfg = Release|x86
		{1C7EAD98-F7D0-4451-848B-E4E56D7B268A}.Release|Mixed Platforms.Build.0 = Release|x86
		{1C7EAD98-F7D0-4451-848B-E4E56D7B268A}.Release|x64.ActiveCfg = Release|x86
		{1C7EAD98-F7D0-4451-848B-E4E56D7B268A}.Release|x86.ActiveCfg = Release|x86
		{1C7EAD98-F7D0-4451-848B-E4E56D7B268A}.Release|x86.Build.0 = Release|x86
		{96E3EC2A-BC76-4826-9E45-D7DD1BCDE012}.Debug|Any CPU.ActiveCfg = Debug|Any CPU
		{96E3EC2A-BC76-4826-9E45-D7DD1BCDE012}.Debug|Any CPU.Build.0 = Debug|Any CPU
		{96E3EC2A-BC76-4826-9E45-D7DD1BCDE012}.Debug|Mixed Platforms.ActiveCfg = Debug|Any CPU
		{96E3EC2A-BC76-4826-9E45-D7DD1BCDE012}.Debug|Mixed Platforms.Build.0 = Debug|Any CPU
		{96E3EC2A-BC76-4826-9E45-D7DD1BCDE012}.Debug|x64.ActiveCfg = Debug|Any CPU
		{96E3EC2A-BC76-4826-9E45-D7DD1BCDE012}.Debug|x86.ActiveCfg = Debug|Any CPU
		{96E3EC2A-BC76-4826-9E45-D7DD1BCDE012}.Release|Any CPU.ActiveCfg = Release|Any CPU
		{96E3EC2A-BC76-4826-9E45-D7DD1BCDE012}.Release|Any CPU.Build.0 = Release|Any CPU
		{96E3EC2A-BC76-4826-9E45-D7DD1BCDE012}.Release|Mixed Platforms.ActiveCfg = Release|Any CPU
		{96E3EC2A-BC76-4826-9E45-D7DD1BCDE012}.Release|Mixed Platforms.Build.0 = Release|Any CPU
		{96E3EC2A-BC76-4826-9E45-D7DD1BCDE012}.Release|x64.ActiveCfg = Release|Any CPU
		{96E3EC2A-BC76-4826-9E45-D7DD1BCDE012}.Release|x86.ActiveCfg = Release|Any CPU
		{1F3F39CA-33BC-445F-9CA5-0045DCDB9433}.Debug|Any CPU.ActiveCfg = Debug|Any CPU
		{1F3F39CA-33BC-445F-9CA5-0045DCDB9433}.Debug|Any CPU.Build.0 = Debug|Any CPU
		{1F3F39CA-33BC-445F-9CA5-0045DCDB9433}.Debug|Mixed Platforms.ActiveCfg = Debug|Any CPU
		{1F3F39CA-33BC-445F-9CA5-0045DCDB9433}.Debug|Mixed Platforms.Build.0 = Debug|Any CPU
		{1F3F39CA-33BC-445F-9CA5-0045DCDB9433}.Debug|x64.ActiveCfg = Debug|Any CPU
		{1F3F39CA-33BC-445F-9CA5-0045DCDB9433}.Debug|x86.ActiveCfg = Debug|Any CPU
		{1F3F39CA-33BC-445F-9CA5-0045DCDB9433}.Release|Any CPU.ActiveCfg = Release|Any CPU
		{1F3F39CA-33BC-445F-9CA5-0045DCDB9433}.Release|Any CPU.Build.0 = Release|Any CPU
		{1F3F39CA-33BC-445F-9CA5-0045DCDB9433}.Release|Mixed Platforms.ActiveCfg = Release|Any CPU
		{1F3F39CA-33BC-445F-9CA5-0045DCDB9433}.Release|Mixed Platforms.Build.0 = Release|Any CPU
		{1F3F39CA-33BC-445F-9CA5-0045DCDB9433}.Release|x64.ActiveCfg = Release|Any CPU
		{1F3F39CA-33BC-445F-9CA5-0045DCDB9433}.Release|x86.ActiveCfg = Release|Any CPU
		{DD4D9399-5BF7-4BA6-AFC0-6557410EEBC7}.Debug|Any CPU.ActiveCfg = Debug|Any CPU
		{DD4D9399-5BF7-4BA6-AFC0-6557410EEBC7}.Debug|Any CPU.Build.0 = Debug|Any CPU
		{DD4D9399-5BF7-4BA6-AFC0-6557410EEBC7}.Debug|Mixed Platforms.ActiveCfg = Debug|Any CPU
		{DD4D9399-5BF7-4BA6-AFC0-6557410EEBC7}.Debug|Mixed Platforms.Build.0 = Debug|Any CPU
		{DD4D9399-5BF7-4BA6-AFC0-6557410EEBC7}.Debug|x64.ActiveCfg = Debug|Any CPU
		{DD4D9399-5BF7-4BA6-AFC0-6557410EEBC7}.Debug|x86.ActiveCfg = Debug|Any CPU
		{DD4D9399-5BF7-4BA6-AFC0-6557410EEBC7}.Release|Any CPU.ActiveCfg = Release|Any CPU
		{DD4D9399-5BF7-4BA6-AFC0-6557410EEBC7}.Release|Any CPU.Build.0 = Release|Any CPU
		{DD4D9399-5BF7-4BA6-AFC0-6557410EEBC7}.Release|Mixed Platforms.ActiveCfg = Release|Any CPU
		{DD4D9399-5BF7-4BA6-AFC0-6557410EEBC7}.Release|Mixed Platforms.Build.0 = Release|Any CPU
		{DD4D9399-5BF7-4BA6-AFC0-6557410EEBC7}.Release|x64.ActiveCfg = Release|Any CPU
		{DD4D9399-5BF7-4BA6-AFC0-6557410EEBC7}.Release|x86.ActiveCfg = Release|Any CPU
		{9BDB1107-A5D8-46B6-83AD-96F66FA0D5E8}.Debug|Any CPU.ActiveCfg = Debug|Any CPU
		{9BDB1107-A5D8-46B6-83AD-96F66FA0D5E8}.Debug|Any CPU.Build.0 = Debug|Any CPU
		{9BDB1107-A5D8-46B6-83AD-96F66FA0D5E8}.Debug|Mixed Platforms.ActiveCfg = Debug|Any CPU
		{9BDB1107-A5D8-46B6-83AD-96F66FA0D5E8}.Debug|Mixed Platforms.Build.0 = Debug|Any CPU
		{9BDB1107-A5D8-46B6-83AD-96F66FA0D5E8}.Debug|x64.ActiveCfg = Debug|Any CPU
		{9BDB1107-A5D8-46B6-83AD-96F66FA0D5E8}.Debug|x86.ActiveCfg = Debug|Any CPU
		{9BDB1107-A5D8-46B6-83AD-96F66FA0D5E8}.Release|Any CPU.ActiveCfg = Release|Any CPU
		{9BDB1107-A5D8-46B6-83AD-96F66FA0D5E8}.Release|Any CPU.Build.0 = Release|Any CPU
		{9BDB1107-A5D8-46B6-83AD-96F66FA0D5E8}.Release|Mixed Platforms.ActiveCfg = Release|Any CPU
		{9BDB1107-A5D8-46B6-83AD-96F66FA0D5E8}.Release|Mixed Platforms.Build.0 = Release|Any CPU
		{9BDB1107-A5D8-46B6-83AD-96F66FA0D5E8}.Release|x64.ActiveCfg = Release|Any CPU
		{9BDB1107-A5D8-46B6-83AD-96F66FA0D5E8}.Release|x86.ActiveCfg = Release|Any CPU
	EndGlobalSection
	GlobalSection(SolutionProperties) = preSolution
		HideSolutionNode = FALSE
	EndGlobalSection
	GlobalSection(NestedProjects) = preSolution
		{8D0B4DF9-FD79-441A-AA18-163ADC6555F9} = {600A84DA-60CE-4E85-9D52-53D3C8D21EAA}
		{96E3EC2A-BC76-4826-9E45-D7DD1BCDE012} = {600A84DA-60CE-4E85-9D52-53D3C8D21EAA}
		{1F3F39CA-33BC-445F-9CA5-0045DCDB9433} = {600A84DA-60CE-4E85-9D52-53D3C8D21EAA}
		{DD4D9399-5BF7-4BA6-AFC0-6557410EEBC7} = {600A84DA-60CE-4E85-9D52-53D3C8D21EAA}
		{6ED6AA9F-EF6F-49B6-912F-ABC68817E5A0} = {E95224DC-59DA-4A45-8B80-1FD0FEA89120}
		{202AC46C-59C1-4D87-93F5-A8C76B8371F5} = {E95224DC-59DA-4A45-8B80-1FD0FEA89120}
		{E881AB0A-F947-4679-B69C-2B8597C28D78} = {E95224DC-59DA-4A45-8B80-1FD0FEA89120}
		{667A0071-7F62-425D-B616-820FB4666F1B} = {E95224DC-59DA-4A45-8B80-1FD0FEA89120}
		{B3A83EC3-60C2-4D18-B12F-7C240B73634E} = {E95224DC-59DA-4A45-8B80-1FD0FEA89120}
		{033DB4F3-4D03-43FA-BB52-D39AE995E10D} = {E95224DC-59DA-4A45-8B80-1FD0FEA89120}
		{A87D4CEA-4110-4407-99A1-7540FAD6E008} = {E95224DC-59DA-4A45-8B80-1FD0FEA89120}
		{3CDEEEA6-719B-4333-ABAD-0BAEE8A87251} = {E95224DC-59DA-4A45-8B80-1FD0FEA89120}
		{695CAAC3-7007-47D1-B3E4-87AC0E6124C1} = {E95224DC-59DA-4A45-8B80-1FD0FEA89120}
		{9BDB1107-A5D8-46B6-83AD-96F66FA0D5E8} = {E95224DC-59DA-4A45-8B80-1FD0FEA89120}
	EndGlobalSection
EndGlobal
